
Microsoft Visual Studio Solution File, Format Version 12.00
# Visual Studio Version 17
VisualStudioVersion = 17.11.35219.272
MinimumVisualStudioVersion = 10.0.40219.1
Project("{FAE04EC0-301F-11D3-BF4B-00C04F79EFBC}") = "Multitasking", "Multitasking\Multitasking.csproj", "{2C60C79F-293F-445B-9F32-2327FE32FACF}"
EndProject
Global
	GlobalSection(SolutionConfigurationPlatforms) = preSolution
		Debug|Any CPU = Debug|Any CPU
		Release|Any CPU = Release|Any CPU
	EndGlobalSection
	GlobalSection(ProjectConfigurationPlatforms) = postSolution
		{2C60C79F-293F-445B-9F32-2327FE32FACF}.Debug|Any CPU.ActiveCfg = Debug|Any CPU
		{2C60C79F-293F-445B-9F32-2327FE32FACF}.Debug|Any CPU.Build.0 = Debug|Any CPU
		{2C60C79F-293F-445B-9F32-2327FE32FACF}.Release|Any CPU.ActiveCfg = Release|Any CPU
		{2C60C79F-293F-445B-9F32-2327FE32FACF}.Release|Any CPU.Build.0 = Release|Any CPU
	EndGlobalSection
	GlobalSection(SolutionProperties) = preSolution
		HideSolutionNode = FALSE
	EndGlobalSection
	GlobalSection(ExtensibilityGlobals) = postSolution
		SolutionGuid = {CAFF903C-ADDC-4A2A-8CF6-74F6D76D5B92}
	EndGlobalSection
EndGlobal
